// !$*UTF8*$!
{
	archiveVersion = 1;
	classes = {
	};
	objectVersion = 48;
	objects = {

/* Begin PBXBuildFile section */
		A3037343206296FE00006D2E /* RGWebKit.h in Headers */ = {isa = PBXBuildFile; fileRef = A3037341206296FE00006D2E /* RGWebKit.h */; settings = {ATTRIBUTES = (Public, ); }; };
		A30373512062972500006D2E /* AppDelegate.m in Sources */ = {isa = PBXBuildFile; fileRef = A30373502062972500006D2E /* AppDelegate.m */; };
		A30373542062972500006D2E /* ViewController.m in Sources */ = {isa = PBXBuildFile; fileRef = A30373532062972500006D2E /* ViewController.m */; };
		A30373572062972500006D2E /* Main.storyboard in Resources */ = {isa = PBXBuildFile; fileRef = A30373552062972500006D2E /* Main.storyboard */; };
		A30373592062972500006D2E /* Assets.xcassets in Resources */ = {isa = PBXBuildFile; fileRef = A30373582062972500006D2E /* Assets.xcassets */; };
		A303735C2062972500006D2E /* LaunchScreen.storyboard in Resources */ = {isa = PBXBuildFile; fileRef = A303735A2062972500006D2E /* LaunchScreen.storyboard */; };
		A303735F2062972500006D2E /* main.m in Sources */ = {isa = PBXBuildFile; fileRef = A303735E2062972500006D2E /* main.m */; };
		A30373692062972500006D2E /* DemoTests.m in Sources */ = {isa = PBXBuildFile; fileRef = A30373682062972500006D2E /* DemoTests.m */; };
		A30373862062975800006D2E /* RGCache.m in Sources */ = {isa = PBXBuildFile; fileRef = A30373722062975700006D2E /* RGCache.m */; };
		A30373872062975800006D2E /* RGCache.h in Headers */ = {isa = PBXBuildFile; fileRef = A30373732062975700006D2E /* RGCache.h */; };
		A30373882062975800006D2E /* RGBridge.m in Sources */ = {isa = PBXBuildFile; fileRef = A30373752062975700006D2E /* RGBridge.m */; };
		A30373892062975800006D2E /* RGBridgeExcutor.m in Sources */ = {isa = PBXBuildFile; fileRef = A30373762062975700006D2E /* RGBridgeExcutor.m */; };
		A303738A2062975800006D2E /* RGBridge.h in Headers */ = {isa = PBXBuildFile; fileRef = A30373772062975700006D2E /* RGBridge.h */; };
		A303738B2062975800006D2E /* RGBridgeExcutor.h in Headers */ = {isa = PBXBuildFile; fileRef = A30373782062975700006D2E /* RGBridgeExcutor.h */; };
		A303738C2062975800006D2E /* RGWebView.m in Sources */ = {isa = PBXBuildFile; fileRef = A303737A2062975700006D2E /* RGWebView.m */; };
		A303738D2062975800006D2E /* RGUIWebView.m in Sources */ = {isa = PBXBuildFile; fileRef = A303737B2062975700006D2E /* RGUIWebView.m */; };
		A303738E2062975800006D2E /* RGWKWebView.m in Sources */ = {isa = PBXBuildFile; fileRef = A303737C2062975700006D2E /* RGWKWebView.m */; };
		A303738F2062975800006D2E /* RGWebView.h in Headers */ = {isa = PBXBuildFile; fileRef = A303737D2062975700006D2E /* RGWebView.h */; settings = {ATTRIBUTES = (Public, ); }; };
		A30373902062975800006D2E /* RGUIWebView.h in Headers */ = {isa = PBXBuildFile; fileRef = A303737E2062975700006D2E /* RGUIWebView.h */; };
		A30373912062975800006D2E /* RGWKWebView.h in Headers */ = {isa = PBXBuildFile; fileRef = A303737F2062975700006D2E /* RGWKWebView.h */; };
		A30373922062975800006D2E /* RGEngine.m in Sources */ = {isa = PBXBuildFile; fileRef = A30373812062975800006D2E /* RGEngine.m */; };
		A30373932062975800006D2E /* RGEngine.h in Headers */ = {isa = PBXBuildFile; fileRef = A30373822062975800006D2E /* RGEngine.h */; settings = {ATTRIBUTES = (Public, ); }; };
		A30373942062975800006D2E /* RGPerf.h in Headers */ = {isa = PBXBuildFile; fileRef = A30373842062975800006D2E /* RGPerf.h */; };
		A30373952062975800006D2E /* RGPerf.m in Sources */ = {isa = PBXBuildFile; fileRef = A30373852062975800006D2E /* RGPerf.m */; };
		A303739820629B5900006D2E /* RGDemoWebController.m in Sources */ = {isa = PBXBuildFile; fileRef = A303739720629B5900006D2E /* RGDemoWebController.m */; };
		A303739A20629B8300006D2E /* RGWebKit.framework in Frameworks */ = {isa = PBXBuildFile; fileRef = A303733E206296FE00006D2E /* RGWebKit.framework */; };
		A303739C20629BC300006D2E /* WebKit.framework in Frameworks */ = {isa = PBXBuildFile; fileRef = A303739B20629BC300006D2E /* WebKit.framework */; };
/* End PBXBuildFile section */

/* Begin PBXContainerItemProxy section */
		A30373652062972500006D2E /* PBXContainerItemProxy */ = {
			isa = PBXContainerItemProxy;
			containerPortal = A3037335206296FE00006D2E /* Project object */;
			proxyType = 1;
			remoteGlobalIDString = A303734C2062972400006D2E;
			remoteInfo = Demo;
		};
/* End PBXContainerItemProxy section */

/* Begin PBXFileReference section */
		A303733E206296FE00006D2E /* RGWebKit.framework */ = {isa = PBXFileReference; explicitFileType = wrapper.framework; includeInIndex = 0; path = RGWebKit.framework; sourceTree = BUILT_PRODUCTS_DIR; };
		A3037341206296FE00006D2E /* RGWebKit.h */ = {isa = PBXFileReference; lastKnownFileType = sourcecode.c.h; path = RGWebKit.h; sourceTree = "<group>"; };
		A3037342206296FE00006D2E /* Info.plist */ = {isa = PBXFileReference; lastKnownFileType = text.plist.xml; path = Info.plist; sourceTree = "<group>"; };
		A303734D2062972400006D2E /* Demo.app */ = {isa = PBXFileReference; explicitFileType = wrapper.application; includeInIndex = 0; path = Demo.app; sourceTree = BUILT_PRODUCTS_DIR; };
		A303734F2062972400006D2E /* AppDelegate.h */ = {isa = PBXFileReference; lastKnownFileType = sourcecode.c.h; path = AppDelegate.h; sourceTree = "<group>"; };
		A30373502062972500006D2E /* AppDelegate.m */ = {isa = PBXFileReference; lastKnownFileType = sourcecode.c.objc; path = AppDelegate.m; sourceTree = "<group>"; };
		A30373522062972500006D2E /* ViewController.h */ = {isa = PBXFileReference; lastKnownFileType = sourcecode.c.h; path = ViewController.h; sourceTree = "<group>"; };
		A30373532062972500006D2E /* ViewController.m */ = {isa = PBXFileReference; lastKnownFileType = sourcecode.c.objc; path = ViewController.m; sourceTree = "<group>"; };
		A30373562062972500006D2E /* Base */ = {isa = PBXFileReference; lastKnownFileType = file.storyboard; name = Base; path = Base.lproj/Main.storyboard; sourceTree = "<group>"; };
		A30373582062972500006D2E /* Assets.xcassets */ = {isa = PBXFileReference; lastKnownFileType = folder.assetcatalog; path = Assets.xcassets; sourceTree = "<group>"; };
		A303735B2062972500006D2E /* Base */ = {isa = PBXFileReference; lastKnownFileType = file.storyboard; name = Base; path = Base.lproj/LaunchScreen.storyboard; sourceTree = "<group>"; };
		A303735D2062972500006D2E /* Info.plist */ = {isa = PBXFileReference; lastKnownFileType = text.plist.xml; path = Info.plist; sourceTree = "<group>"; };
		A303735E2062972500006D2E /* main.m */ = {isa = PBXFileReference; lastKnownFileType = sourcecode.c.objc; path = main.m; sourceTree = "<group>"; };
		A30373642062972500006D2E /* DemoTests.xctest */ = {isa = PBXFileReference; explicitFileType = wrapper.cfbundle; includeInIndex = 0; path = DemoTests.xctest; sourceTree = BUILT_PRODUCTS_DIR; };
		A30373682062972500006D2E /* DemoTests.m */ = {isa = PBXFileReference; lastKnownFileType = sourcecode.c.objc; path = DemoTests.m; sourceTree = "<group>"; };
		A303736A2062972500006D2E /* Info.plist */ = {isa = PBXFileReference; lastKnownFileType = text.plist.xml; path = Info.plist; sourceTree = "<group>"; };
		A30373722062975700006D2E /* RGCache.m */ = {isa = PBXFileReference; fileEncoding = 4; lastKnownFileType = sourcecode.c.objc; path = RGCache.m; sourceTree = "<group>"; };
		A30373732062975700006D2E /* RGCache.h */ = {isa = PBXFileReference; fileEncoding = 4; lastKnownFileType = sourcecode.c.h; path = RGCache.h; sourceTree = "<group>"; };
		A30373752062975700006D2E /* RGBridge.m */ = {isa = PBXFileReference; fileEncoding = 4; lastKnownFileType = sourcecode.c.objc; path = RGBridge.m; sourceTree = "<group>"; };
		A30373762062975700006D2E /* RGBridgeExcutor.m */ = {isa = PBXFileReference; fileEncoding = 4; lastKnownFileType = sourcecode.c.objc; path = RGBridgeExcutor.m; sourceTree = "<group>"; };
		A30373772062975700006D2E /* RGBridge.h */ = {isa = PBXFileReference; fileEncoding = 4; lastKnownFileType = sourcecode.c.h; path = RGBridge.h; sourceTree = "<group>"; };
		A30373782062975700006D2E /* RGBridgeExcutor.h */ = {isa = PBXFileReference; fileEncoding = 4; lastKnownFileType = sourcecode.c.h; path = RGBridgeExcutor.h; sourceTree = "<group>"; };
		A303737A2062975700006D2E /* RGWebView.m */ = {isa = PBXFileReference; fileEncoding = 4; lastKnownFileType = sourcecode.c.objc; path = RGWebView.m; sourceTree = "<group>"; };
		A303737B2062975700006D2E /* RGUIWebView.m */ = {isa = PBXFileReference; fileEncoding = 4; lastKnownFileType = sourcecode.c.objc; path = RGUIWebView.m; sourceTree = "<group>"; };
		A303737C2062975700006D2E /* RGWKWebView.m */ = {isa = PBXFileReference; fileEncoding = 4; lastKnownFileType = sourcecode.c.objc; path = RGWKWebView.m; sourceTree = "<group>"; };
		A303737D2062975700006D2E /* RGWebView.h */ = {isa = PBXFileReference; fileEncoding = 4; lastKnownFileType = sourcecode.c.h; path = RGWebView.h; sourceTree = "<group>"; };
		A303737E2062975700006D2E /* RGUIWebView.h */ = {isa = PBXFileReference; fileEncoding = 4; lastKnownFileType = sourcecode.c.h; path = RGUIWebView.h; sourceTree = "<group>"; };
		A303737F2062975700006D2E /* RGWKWebView.h */ = {isa = PBXFileReference; fileEncoding = 4; lastKnownFileType = sourcecode.c.h; path = RGWKWebView.h; sourceTree = "<group>"; };
		A30373812062975800006D2E /* RGEngine.m */ = {isa = PBXFileReference; fileEncoding = 4; lastKnownFileType = sourcecode.c.objc; path = RGEngine.m; sourceTree = "<group>"; };
		A30373822062975800006D2E /* RGEngine.h */ = {isa = PBXFileReference; fileEncoding = 4; lastKnownFileType = sourcecode.c.h; path = RGEngine.h; sourceTree = "<group>"; };
		A30373842062975800006D2E /* RGPerf.h */ = {isa = PBXFileReference; fileEncoding = 4; lastKnownFileType = sourcecode.c.h; path = RGPerf.h; sourceTree = "<group>"; };
		A30373852062975800006D2E /* RGPerf.m */ = {isa = PBXFileReference; fileEncoding = 4; lastKnownFileType = sourcecode.c.objc; path = RGPerf.m; sourceTree = "<group>"; };
		A303739620629B5900006D2E /* RGDemoWebController.h */ = {isa = PBXFileReference; fileEncoding = 4; lastKnownFileType = sourcecode.c.h; path = RGDemoWebController.h; sourceTree = "<group>"; };
		A303739720629B5900006D2E /* RGDemoWebController.m */ = {isa = PBXFileReference; fileEncoding = 4; lastKnownFileType = sourcecode.c.objc; path = RGDemoWebController.m; sourceTree = "<group>"; };
		A303739B20629BC300006D2E /* WebKit.framework */ = {isa = PBXFileReference; lastKnownFileType = wrapper.framework; name = WebKit.framework; path = System/Library/Frameworks/WebKit.framework; sourceTree = SDKROOT; };
/* End PBXFileReference section */

/* Begin PBXFrameworksBuildPhase section */
		A303733A206296FE00006D2E /* Frameworks */ = {
			isa = PBXFrameworksBuildPhase;
			buildActionMask = 2147483647;
			files = (
				A303739C20629BC300006D2E /* WebKit.framework in Frameworks */,
			);
			runOnlyForDeploymentPostprocessing = 0;
		};
		A303734A2062972400006D2E /* Frameworks */ = {
			isa = PBXFrameworksBuildPhase;
			buildActionMask = 2147483647;
			files = (
				A303739A20629B8300006D2E /* RGWebKit.framework in Frameworks */,
			);
			runOnlyForDeploymentPostprocessing = 0;
		};
		A30373612062972500006D2E /* Frameworks */ = {
			isa = PBXFrameworksBuildPhase;
			buildActionMask = 2147483647;
			files = (
			);
			runOnlyForDeploymentPostprocessing = 0;
		};
/* End PBXFrameworksBuildPhase section */

/* Begin PBXGroup section */
		A3037334206296FE00006D2E = {
			isa = PBXGroup;
			children = (
				A3037340206296FE00006D2E /* RGWebKit */,
				A303734E2062972400006D2E /* Demo */,
				A30373672062972500006D2E /* DemoTests */,
				A303733F206296FE00006D2E /* Products */,
				A303739920629B8300006D2E /* Frameworks */,
			);
			sourceTree = "<group>";
		};
		A303733F206296FE00006D2E /* Products */ = {
			isa = PBXGroup;
			children = (
				A303733E206296FE00006D2E /* RGWebKit.framework */,
				A303734D2062972400006D2E /* Demo.app */,
				A30373642062972500006D2E /* DemoTests.xctest */,
			);
			name = Products;
			sourceTree = "<group>";
		};
		A3037340206296FE00006D2E /* RGWebKit */ = {
			isa = PBXGroup;
			children = (
				A30373742062975700006D2E /* Bridge */,
				A30373712062975700006D2E /* Cache */,
				A30373802062975800006D2E /* Engine */,
				A30373832062975800006D2E /* Performance */,
				A30373792062975700006D2E /* Widget */,
				A3037341206296FE00006D2E /* RGWebKit.h */,
				A3037342206296FE00006D2E /* Info.plist */,
			);
			path = RGWebKit;
			sourceTree = "<group>";
		};
		A303734E2062972400006D2E /* Demo */ = {
			isa = PBXGroup;
			children = (
				A303739620629B5900006D2E /* RGDemoWebController.h */,
				A303739720629B5900006D2E /* RGDemoWebController.m */,
				A303734F2062972400006D2E /* AppDelegate.h */,
				A30373502062972500006D2E /* AppDelegate.m */,
				A30373522062972500006D2E /* ViewController.h */,
				A30373532062972500006D2E /* ViewController.m */,
				A30373552062972500006D2E /* Main.storyboard */,
				A30373582062972500006D2E /* Assets.xcassets */,
				A303735A2062972500006D2E /* LaunchScreen.storyboard */,
				A303735D2062972500006D2E /* Info.plist */,
				A303735E2062972500006D2E /* main.m */,
			);
			path = Demo;
			sourceTree = "<group>";
		};
		A30373672062972500006D2E /* DemoTests */ = {
			isa = PBXGroup;
			children = (
				A30373682062972500006D2E /* DemoTests.m */,
				A303736A2062972500006D2E /* Info.plist */,
			);
			path = DemoTests;
			sourceTree = "<group>";
		};
		A30373712062975700006D2E /* Cache */ = {
			isa = PBXGroup;
			children = (
				A30373722062975700006D2E /* RGCache.m */,
				A30373732062975700006D2E /* RGCache.h */,
			);
			path = Cache;
			sourceTree = "<group>";
		};
		A30373742062975700006D2E /* Bridge */ = {
			isa = PBXGroup;
			children = (
				A30373752062975700006D2E /* RGBridge.m */,
				A30373762062975700006D2E /* RGBridgeExcutor.m */,
				A30373772062975700006D2E /* RGBridge.h */,
				A30373782062975700006D2E /* RGBridgeExcutor.h */,
			);
			path = Bridge;
			sourceTree = "<group>";
		};
		A30373792062975700006D2E /* Widget */ = {
			isa = PBXGroup;
			children = (
				A303737A2062975700006D2E /* RGWebView.m */,
				A303737B2062975700006D2E /* RGUIWebView.m */,
				A303737C2062975700006D2E /* RGWKWebView.m */,
				A303737D2062975700006D2E /* RGWebView.h */,
				A303737E2062975700006D2E /* RGUIWebView.h */,
				A303737F2062975700006D2E /* RGWKWebView.h */,
			);
			path = Widget;
			sourceTree = "<group>";
		};
		A30373802062975800006D2E /* Engine */ = {
			isa = PBXGroup;
			children = (
				A30373812062975800006D2E /* RGEngine.m */,
				A30373822062975800006D2E /* RGEngine.h */,
			);
			path = Engine;
			sourceTree = "<group>";
		};
		A30373832062975800006D2E /* Performance */ = {
			isa = PBXGroup;
			children = (
				A30373842062975800006D2E /* RGPerf.h */,
				A30373852062975800006D2E /* RGPerf.m */,
			);
			path = Performance;
			sourceTree = "<group>";
		};
		A303739920629B8300006D2E /* Frameworks */ = {
			isa = PBXGroup;
			children = (
				A303739B20629BC300006D2E /* WebKit.framework */,
			);
			name = Frameworks;
			sourceTree = "<group>";
		};
/* End PBXGroup section */

/* Begin PBXHeadersBuildPhase section */
		A303733B206296FE00006D2E /* Headers */ = {
			isa = PBXHeadersBuildPhase;
			buildActionMask = 2147483647;
			files = (
				A30373872062975800006D2E /* RGCache.h in Headers */,
				A303738F2062975800006D2E /* RGWebView.h in Headers */,
				A30373932062975800006D2E /* RGEngine.h in Headers */,
				A30373942062975800006D2E /* RGPerf.h in Headers */,
				A30373902062975800006D2E /* RGUIWebView.h in Headers */,
				A3037343206296FE00006D2E /* RGWebKit.h in Headers */,
				A303738A2062975800006D2E /* RGBridge.h in Headers */,
				A30373912062975800006D2E /* RGWKWebView.h in Headers */,
				A303738B2062975800006D2E /* RGBridgeExcutor.h in Headers */,
			);
			runOnlyForDeploymentPostprocessing = 0;
		};
/* End PBXHeadersBuildPhase section */

/* Begin PBXNativeTarget section */
		A303733D206296FE00006D2E /* RGWebKit */ = {
			isa = PBXNativeTarget;
			buildConfigurationList = A3037346206296FE00006D2E /* Build configuration list for PBXNativeTarget "RGWebKit" */;
			buildPhases = (
				A3037339206296FE00006D2E /* Sources */,
				A303733A206296FE00006D2E /* Frameworks */,
				A303733B206296FE00006D2E /* Headers */,
				A303733C206296FE00006D2E /* Resources */,
			);
			buildRules = (
			);
			dependencies = (
			);
			name = RGWebKit;
			productName = RGWebKit;
			productReference = A303733E206296FE00006D2E /* RGWebKit.framework */;
			productType = "com.apple.product-type.framework";
		};
		A303734C2062972400006D2E /* Demo */ = {
			isa = PBXNativeTarget;
			buildConfigurationList = A303736B2062972500006D2E /* Build configuration list for PBXNativeTarget "Demo" */;
			buildPhases = (
				A30373492062972400006D2E /* Sources */,
				A303734A2062972400006D2E /* Frameworks */,
				A303734B2062972400006D2E /* Resources */,
			);
			buildRules = (
			);
			dependencies = (
			);
			name = Demo;
			productName = Demo;
			productReference = A303734D2062972400006D2E /* Demo.app */;
			productType = "com.apple.product-type.application";
		};
		A30373632062972500006D2E /* DemoTests */ = {
			isa = PBXNativeTarget;
			buildConfigurationList = A303736E2062972500006D2E /* Build configuration list for PBXNativeTarget "DemoTests" */;
			buildPhases = (
				A30373602062972500006D2E /* Sources */,
				A30373612062972500006D2E /* Frameworks */,
				A30373622062972500006D2E /* Resources */,
			);
			buildRules = (
			);
			dependencies = (
				A30373662062972500006D2E /* PBXTargetDependency */,
			);
			name = DemoTests;
			productName = DemoTests;
			productReference = A30373642062972500006D2E /* DemoTests.xctest */;
			productType = "com.apple.product-type.bundle.unit-test";
		};
/* End PBXNativeTarget section */

/* Begin PBXProject section */
		A3037335206296FE00006D2E /* Project object */ = {
			isa = PBXProject;
			attributes = {
				LastUpgradeCheck = 0920;
				ORGANIZATIONNAME = ranger;
				TargetAttributes = {
					A303733D206296FE00006D2E = {
						CreatedOnToolsVersion = 9.2;
						ProvisioningStyle = Automatic;
					};
					A303734C2062972400006D2E = {
						CreatedOnToolsVersion = 9.2;
						ProvisioningStyle = Automatic;
					};
					A30373632062972500006D2E = {
						CreatedOnToolsVersion = 9.2;
						ProvisioningStyle = Automatic;
						TestTargetID = A303734C2062972400006D2E;
					};
				};
			};
			buildConfigurationList = A3037338206296FE00006D2E /* Build configuration list for PBXProject "RGWebKit" */;
			compatibilityVersion = "Xcode 8.0";
			developmentRegion = en;
			hasScannedForEncodings = 0;
			knownRegions = (
				en,
				Base,
			);
			mainGroup = A3037334206296FE00006D2E;
			productRefGroup = A303733F206296FE00006D2E /* Products */;
			projectDirPath = "";
			projectRoot = "";
			targets = (
				A303733D206296FE00006D2E /* RGWebKit */,
				A303734C2062972400006D2E /* Demo */,
				A30373632062972500006D2E /* DemoTests */,
			);
		};
/* End PBXProject section */

/* Begin PBXResourcesBuildPhase section */
		A303733C206296FE00006D2E /* Resources */ = {
			isa = PBXResourcesBuildPhase;
			buildActionMask = 2147483647;
			files = (
			);
			runOnlyForDeploymentPostprocessing = 0;
		};
		A303734B2062972400006D2E /* Resources */ = {
			isa = PBXResourcesBuildPhase;
			buildActionMask = 2147483647;
			files = (
				A303735C2062972500006D2E /* LaunchScreen.storyboard in Resources */,
				A30373592062972500006D2E /* Assets.xcassets in Resources */,
				A30373572062972500006D2E /* Main.storyboard in Resources */,
			);
			runOnlyForDeploymentPostprocessing = 0;
		};
		A30373622062972500006D2E /* Resources */ = {
			isa = PBXResourcesBuildPhase;
			buildActionMask = 2147483647;
			files = (
			);
			runOnlyForDeploymentPostprocessing = 0;
		};
/* End PBXResourcesBuildPhase section */

/* Begin PBXSourcesBuildPhase section */
		A3037339206296FE00006D2E /* Sources */ = {
			isa = PBXSourcesBuildPhase;
			buildActionMask = 2147483647;
			files = (
				A303738C2062975800006D2E /* RGWebView.m in Sources */,
				A30373952062975800006D2E /* RGPerf.m in Sources */,
				A30373862062975800006D2E /* RGCache.m in Sources */,
				A30373882062975800006D2E /* RGBridge.m in Sources */,
				A303738D2062975800006D2E /* RGUIWebView.m in Sources */,
				A303738E2062975800006D2E /* RGWKWebView.m in Sources */,
				A30373892062975800006D2E /* RGBridgeExcutor.m in Sources */,
				A30373922062975800006D2E /* RGEngine.m in Sources */,
			);
			runOnlyForDeploymentPostprocessing = 0;
		};
		A30373492062972400006D2E /* Sources */ = {
			isa = PBXSourcesBuildPhase;
			buildActionMask = 2147483647;
			files = (
				A303739820629B5900006D2E /* RGDemoWebController.m in Sources */,
				A30373542062972500006D2E /* ViewController.m in Sources */,
				A303735F2062972500006D2E /* main.m in Sources */,
				A30373512062972500006D2E /* AppDelegate.m in Sources */,
			);
			runOnlyForDeploymentPostprocessing = 0;
		};
		A30373602062972500006D2E /* Sources */ = {
			isa = PBXSourcesBuildPhase;
			buildActionMask = 2147483647;
			files = (
				A30373692062972500006D2E /* DemoTests.m in Sources */,
			);
			runOnlyForDeploymentPostprocessing = 0;
		};
/* End PBXSourcesBuildPhase section */

/* Begin PBXTargetDependency section */
		A30373662062972500006D2E /* PBXTargetDependency */ = {
			isa = PBXTargetDependency;
			target = A303734C2062972400006D2E /* Demo */;
			targetProxy = A30373652062972500006D2E /* PBXContainerItemProxy */;
		};
/* End PBXTargetDependency section */

/* Begin PBXVariantGroup section */
		A30373552062972500006D2E /* Main.storyboard */ = {
			isa = PBXVariantGroup;
			children = (
				A30373562062972500006D2E /* Base */,
			);
			name = Main.storyboard;
			sourceTree = "<group>";
		};
		A303735A2062972500006D2E /* LaunchScreen.storyboard */ = {
			isa = PBXVariantGroup;
			children = (
				A303735B2062972500006D2E /* Base */,
			);
			name = LaunchScreen.storyboard;
			sourceTree = "<group>";
		};
/* End PBXVariantGroup section */

/* Begin XCBuildConfiguration section */
		A3037344206296FE00006D2E /* Debug */ = {
			isa = XCBuildConfiguration;
			buildSettings = {
				ALWAYS_SEARCH_USER_PATHS = NO;
				CLANG_ANALYZER_NONNULL = YES;
				CLANG_ANALYZER_NUMBER_OBJECT_CONVERSION = YES_AGGRESSIVE;
				CLANG_CXX_LANGUAGE_STANDARD = "gnu++14";
				CLANG_CXX_LIBRARY = "libc++";
				CLANG_ENABLE_MODULES = YES;
				CLANG_ENABLE_OBJC_ARC = YES;
				CLANG_WARN_BLOCK_CAPTURE_AUTORELEASING = YES;
				CLANG_WARN_BOOL_CONVERSION = YES;
				CLANG_WARN_COMMA = YES;
				CLANG_WARN_CONSTANT_CONVERSION = YES;
				CLANG_WARN_DIRECT_OBJC_ISA_USAGE = YES_ERROR;
				CLANG_WARN_DOCUMENTATION_COMMENTS = YES;
				CLANG_WARN_EMPTY_BODY = YES;
				CLANG_WARN_ENUM_CONVERSION = YES;
				CLANG_WARN_INFINITE_RECURSION = YES;
				CLANG_WARN_INT_CONVERSION = YES;
				CLANG_WARN_NON_LITERAL_NULL_CONVERSION = YES;
				CLANG_WARN_OBJC_LITERAL_CONVERSION = YES;
				CLANG_WARN_OBJC_ROOT_CLASS = YES_ERROR;
				CLANG_WARN_RANGE_LOOP_ANALYSIS = YES;
				CLANG_WARN_STRICT_PROTOTYPES = YES;
				CLANG_WARN_SUSPICIOUS_MOVE = YES;
				CLANG_WARN_UNGUARDED_AVAILABILITY = YES_AGGRESSIVE;
				CLANG_WARN_UNREACHABLE_CODE = YES;
				CLANG_WARN__DUPLICATE_METHOD_MATCH = YES;
				CODE_SIGN_IDENTITY = "iPhone Developer";
				COPY_PHASE_STRIP = NO;
				CURRENT_PROJECT_VERSION = 1;
				DEBUG_INFORMATION_FORMAT = dwarf;
				ENABLE_STRICT_OBJC_MSGSEND = YES;
				ENABLE_TESTABILITY = YES;
				GCC_C_LANGUAGE_STANDARD = gnu11;
				GCC_DYNAMIC_NO_PIC = NO;
				GCC_NO_COMMON_BLOCKS = YES;
				GCC_OPTIMIZATION_LEVEL = 0;
				GCC_PREPROCESSOR_DEFINITIONS = (
					"DEBUG=1",
					"$(inherited)",
				);
				GCC_WARN_64_TO_32_BIT_CONVERSION = YES;
				GCC_WARN_ABOUT_RETURN_TYPE = YES_ERROR;
				GCC_WARN_UNDECLARED_SELECTOR = YES;
				GCC_WARN_UNINITIALIZED_AUTOS = YES_AGGRESSIVE;
				GCC_WARN_UNUSED_FUNCTION = YES;
				GCC_WARN_UNUSED_VARIABLE = YES;
				IPHONEOS_DEPLOYMENT_TARGET = 11.2;
				MTL_ENABLE_DEBUG_INFO = YES;
				ONLY_ACTIVE_ARCH = YES;
				SDKROOT = iphoneos;
				VERSIONING_SYSTEM = "apple-generic";
				VERSION_INFO_PREFIX = "";
			};
			name = Debug;
		};
		A3037345206296FE00006D2E /* Release */ = {
			isa = XCBuildConfiguration;
			buildSettings = {
				ALWAYS_SEARCH_USER_PATHS = NO;
				CLANG_ANALYZER_NONNULL = YES;
				CLANG_ANALYZER_NUMBER_OBJECT_CONVERSION = YES_AGGRESSIVE;
				CLANG_CXX_LANGUAGE_STANDARD = "gnu++14";
				CLANG_CXX_LIBRARY = "libc++";
				CLANG_ENABLE_MODULES = YES;
				CLANG_ENABLE_OBJC_ARC = YES;
				CLANG_WARN_BLOCK_CAPTURE_AUTORELEASING = YES;
				CLANG_WARN_BOOL_CONVERSION = YES;
				CLANG_WARN_COMMA = YES;
				CLANG_WARN_CONSTANT_CONVERSION = YES;
				CLANG_WARN_DIRECT_OBJC_ISA_USAGE = YES_ERROR;
				CLANG_WARN_DOCUMENTATION_COMMENTS = YES;
				CLANG_WARN_EMPTY_BODY = YES;
				CLANG_WARN_ENUM_CONVERSION = YES;
				CLANG_WARN_INFINITE_RECURSION = YES;
				CLANG_WARN_INT_CONVERSION = YES;
				CLANG_WARN_NON_LITERAL_NULL_CONVERSION = YES;
				CLANG_WARN_OBJC_LITERAL_CONVERSION = YES;
				CLANG_WARN_OBJC_ROOT_CLASS = YES_ERROR;
				CLANG_WARN_RANGE_LOOP_ANALYSIS = YES;
				CLANG_WARN_STRICT_PROTOTYPES = YES;
				CLANG_WARN_SUSPICIOUS_MOVE = YES;
				CLANG_WARN_UNGUARDED_AVAILABILITY = YES_AGGRESSIVE;
				CLANG_WARN_UNREACHABLE_CODE = YES;
				CLANG_WARN__DUPLICATE_METHOD_MATCH = YES;
				CODE_SIGN_IDENTITY = "iPhone Developer";
				COPY_PHASE_STRIP = NO;
				CURRENT_PROJECT_VERSION = 1;
				DEBUG_INFORMATION_FORMAT = "dwarf-with-dsym";
				ENABLE_NS_ASSERTIONS = NO;
				ENABLE_STRICT_OBJC_MSGSEND = YES;
				GCC_C_LANGUAGE_STANDARD = gnu11;
				GCC_NO_COMMON_BLOCKS = YES;
				GCC_WARN_64_TO_32_BIT_CONVERSION = YES;
				GCC_WARN_ABOUT_RETURN_TYPE = YES_ERROR;
				GCC_WARN_UNDECLARED_SELECTOR = YES;
				GCC_WARN_UNINITIALIZED_AUTOS = YES_AGGRESSIVE;
				GCC_WARN_UNUSED_FUNCTION = YES;
				GCC_WARN_UNUSED_VARIABLE = YES;
				IPHONEOS_DEPLOYMENT_TARGET = 11.2;
				MTL_ENABLE_DEBUG_INFO = NO;
				SDKROOT = iphoneos;
				VALIDATE_PRODUCT = YES;
				VERSIONING_SYSTEM = "apple-generic";
				VERSION_INFO_PREFIX = "";
			};
			name = Release;
		};
		A3037347206296FE00006D2E /* Debug */ = {
			isa = XCBuildConfiguration;
			buildSettings = {
				CODE_SIGN_IDENTITY = "";
				CODE_SIGN_STYLE = Automatic;
				DEFINES_MODULE = YES;
				DYLIB_COMPATIBILITY_VERSION = 1;
				DYLIB_CURRENT_VERSION = 1;
				DYLIB_INSTALL_NAME_BASE = "@rpath";
				INFOPLIST_FILE = RGWebKit/Info.plist;
				INSTALL_PATH = "$(LOCAL_LIBRARY_DIR)/Frameworks";
				LD_RUNPATH_SEARCH_PATHS = "$(inherited) @executable_path/Frameworks @loader_path/Frameworks";
				MACH_O_TYPE = staticlib;
				PRODUCT_BUNDLE_IDENTIFIER = com.ranger.RGWebKit;
				PRODUCT_NAME = "$(TARGET_NAME:c99extidentifier)";
				SKIP_INSTALL = YES;
				TARGETED_DEVICE_FAMILY = "1,2";
			};
			name = Debug;
		};
		A3037348206296FE00006D2E /* Release */ = {
			isa = XCBuildConfiguration;
			buildSettings = {
				CODE_SIGN_IDENTITY = "";
				CODE_SIGN_STYLE = Automatic;
				DEFINES_MODULE = YES;
				DYLIB_COMPATIBILITY_VERSION = 1;
				DYLIB_CURRENT_VERSION = 1;
				DYLIB_INSTALL_NAME_BASE = "@rpath";
				INFOPLIST_FILE = RGWebKit/Info.plist;
				INSTALL_PATH = "$(LOCAL_LIBRARY_DIR)/Frameworks";
				LD_RUNPATH_SEARCH_PATHS = "$(inherited) @executable_path/Frameworks @loader_path/Frameworks";
				MACH_O_TYPE = staticlib;
				PRODUCT_BUNDLE_IDENTIFIER = com.ranger.RGWebKit;
				PRODUCT_NAME = "$(TARGET_NAME:c99extidentifier)";
				SKIP_INSTALL = YES;
				TARGETED_DEVICE_FAMILY = "1,2";
			};
			name = Release;
		};
		A303736C2062972500006D2E /* Debug */ = {
			isa = XCBuildConfiguration;
			buildSettings = {
				ASSETCATALOG_COMPILER_APPICON_NAME = AppIcon;
				CODE_SIGN_STYLE = Automatic;
				INFOPLIST_FILE = Demo/Info.plist;
				LD_RUNPATH_SEARCH_PATHS = "$(inherited) @executable_path/Frameworks";
				PRODUCT_BUNDLE_IDENTIFIER = com.didi.ranger.Demo;
				PRODUCT_NAME = "$(TARGET_NAME)";
				TARGETED_DEVICE_FAMILY = "1,2";
			};
			name = Debug;
		};
		A303736D2062972500006D2E /* Release */ = {
			isa = XCBuildConfiguration;
			buildSettings = {
				ASSETCATALOG_COMPILER_APPICON_NAME = AppIcon;
				CODE_SIGN_STYLE = Automatic;
				INFOPLIST_FILE = Demo/Info.plist;
				LD_RUNPATH_SEARCH_PATHS = "$(inherited) @executable_path/Frameworks";
				PRODUCT_BUNDLE_IDENTIFIER = com.didi.ranger.Demo;
				PRODUCT_NAME = "$(TARGET_NAME)";
				TARGETED_DEVICE_FAMILY = "1,2";
			};
			name = Release;
		};
		A303736F2062972500006D2E /* Debug */ = {
			isa = XCBuildConfiguration;
			buildSettings = {
				BUNDLE_LOADER = "$(TEST_HOST)";
				CODE_SIGN_STYLE = Automatic;
				INFOPLIST_FILE = DemoTests/Info.plist;
				LD_RUNPATH_SEARCH_PATHS = "$(inherited) @executable_path/Frameworks @loader_path/Frameworks";
				PRODUCT_BUNDLE_IDENTIFIER = com.didi.ranger.DemoTests;
				PRODUCT_NAME = "$(TARGET_NAME)";
				TARGETED_DEVICE_FAMILY = "1,2";
				TEST_HOST = "$(BUILT_PRODUCTS_DIR)/Demo.app/Demo";
			};
			name = Debug;
		};
		A30373702062972500006D2E /* Release */ = {
			isa = XCBuildConfiguration;
			buildSettings = {
				BUNDLE_LOADER = "$(TEST_HOST)";
				CODE_SIGN_STYLE = Automatic;
				INFOPLIST_FILE = DemoTests/Info.plist;
				LD_RUNPATH_SEARCH_PATHS = "$(inherited) @executable_path/Frameworks @loader_path/Frameworks";
				PRODUCT_BUNDLE_IDENTIFIER = com.didi.ranger.DemoTests;
				PRODUCT_NAME = "$(TARGET_NAME)";
				TARGETED_DEVICE_FAMILY = "1,2";
				TEST_HOST = "$(BUILT_PRODUCTS_DIR)/Demo.app/Demo";
			};
			name = Release;
		};
/* End XCBuildConfiguration section */

/* Begin XCConfigurationList section */
		A3037338206296FE00006D2E /* Build configuration list for PBXProject "RGWebKit" */ = {
			isa = XCConfigurationList;
			buildConfigurations = (
				A3037344206296FE00006D2E /* Debug */,
				A3037345206296FE00006D2E /* Release */,
			);
			defaultConfigurationIsVisible = 0;
			defaultConfigurationName = Release;
		};
		A3037346206296FE00006D2E /* Build configuration list for PBXNativeTarget "RGWebKit" */ = {
			isa = XCConfigurationList;
			buildConfigurations = (
				A3037347206296FE00006D2E /* Debug */,
				A3037348206296FE00006D2E /* Release */,
			);
			defaultConfigurationIsVisible = 0;
			defaultConfigurationName = Release;
		};
		A303736B2062972500006D2E /* Build configuration list for PBXNativeTarget "Demo" */ = {
			isa = XCConfigurationList;
			buildConfigurations = (
				A303736C2062972500006D2E /* Debug */,
				A303736D2062972500006D2E /* Release */,
			);
			defaultConfigurationIsVisible = 0;
			defaultConfigurationName = Release;
		};
		A303736E2062972500006D2E /* Build configuration list for PBXNativeTarget "DemoTests" */ = {
			isa = XCConfigurationList;
			buildConfigurations = (
				A303736F2062972500006D2E /* Debug */,
				A30373702062972500006D2E /* Release */,
			);
			defaultConfigurationIsVisible = 0;
			defaultConfigurationName = Release;
		};
/* End XCConfigurationList section */
	};
	rootObject = A3037335206296FE00006D2E /* Project object */;
}
